
Microsoft Visual Studio Solution File, Format Version 12.00
# Visual Studio Version 16
VisualStudioVersion = 16.0.30204.135
MinimumVisualStudioVersion = 10.0.40219.1
Project("{FAE04EC0-301F-11D3-BF4B-00C04F79EFBC}") = "EpoMaker", "Epomaker\EpoMaker.csproj", "{F1440F7D-40C0-4CC5-B25A-C9F4DE899896}"
EndProject
Global
	GlobalSection(SolutionConfigurationPlatforms) = preSolution
		Debug|Any CPU = Debug|Any CPU
		Release|Any CPU = Release|Any CPU
	EndGlobalSection
	GlobalSection(ProjectConfigurationPlatforms) = postSolution
		{F1440F7D-40C0-4CC5-B25A-C9F4DE899896}.Debug|Any CPU.ActiveCfg = Debug|Any CPU
		{F1440F7D-40C0-4CC5-B25A-C9F4DE899896}.Debug|Any CPU.Build.0 = Debug|Any CPU
		{F1440F7D-40C0-4CC5-B25A-C9F4DE899896}.Release|Any CPU.ActiveCfg = Release|Any CPU
		{F1440F7D-40C0-4CC5-B25A-C9F4DE899896}.Release|Any CPU.Build.0 = Release|Any CPU
	EndGlobalSection
	GlobalSection(SolutionProperties) = preSolution
		HideSolutionNode = FALSE
	EndGlobalSection
	GlobalSection(ExtensibilityGlobals) = postSolution
		SolutionGuid = {9A1B1413-0539-4BDB-84B9-2FE73B3B62C8}
	EndGlobalSection
EndGlobal
